
Microsoft Visual Studio Solution File, Format Version 12.00
# Visual Studio 15
VisualStudioVersion = 15.0.28010.2036
MinimumVisualStudioVersion = 10.0.40219.1
Project("{FAE04EC0-301F-11D3-BF4B-00C04F79EFBC}") = "IntroToCSharp", "IntroToCSharp\IntroToCSharp.csproj", "{DA5099C5-0F0A-44BC-B7DA-26F4B938EE40}"
EndProject
Project("{FAE04EC0-301F-11D3-BF4B-00C04F79EFBC}") = "ReadingNWritingToConsole", "ReadingNWritingToConsole\ReadingNWritingToConsole.csproj", "{4D1C1438-96DD-47F4-885D-0BF3DB0843F6}"
EndProject
Project("{FAE04EC0-301F-11D3-BF4B-00C04F79EFBC}") = "BuiltInTypes", "BuiltInTypes\BuiltInTypes.csproj", "{140E34E5-9FDE-439E-A7BA-9FB6624B9EAD}"
EndProject
Project("{FAE04EC0-301F-11D3-BF4B-00C04F79EFBC}") = "CommonOperatorInCSharp", "CommonOperatorInCSharp\CommonOperatorInCSharp.csproj", "{D1E8E19F-3682-438C-96B9-139952CA70AE}"
EndProject
Project("{FAE04EC0-301F-11D3-BF4B-00C04F79EFBC}") = "NullableTypes", "NullableTypes\NullableTypes.csproj", "{29C7FDFD-1AB0-497D-90BE-3079CDC673BF}"
EndProject
Project("{FAE04EC0-301F-11D3-BF4B-00C04F79EFBC}") = "DatatypeConverionInCSharp", "DatatypeConverionInCSharp\DatatypeConverionInCSharp.csproj", "{14EF125B-AD17-47C5-8979-65E960B81FE6}"
EndProject
Project("{FAE04EC0-301F-11D3-BF4B-00C04F79EFBC}") = "ArraysInCSharp", "ArraysInCSharp\ArraysInCSharp.csproj", "{5515A087-5D63-403C-A5F0-ED64EDA05792}"
EndProject
Project("{FAE04EC0-301F-11D3-BF4B-00C04F79EFBC}") = "8CommentsinCSharp", "8CommentsinCSharp\8CommentsinCSharp.csproj", "{FD9EFE62-74B9-4CA4-9965-84AC8F4A3480}"
EndProject
Project("{FAE04EC0-301F-11D3-BF4B-00C04F79EFBC}") = "9IFStatementInSharp", "IFStatementInSharp\9IFStatementInSharp.csproj", "{D61A2CE3-7F75-43F0-A7EC-DFD3F6B2124F}"
EndProject
Project("{FAE04EC0-301F-11D3-BF4B-00C04F79EFBC}") = "10SwitchStatementInCSharp", "10SwitchStatementInCSharp\10SwitchStatementInCSharp.csproj", "{7D45BBE4-3BDA-4C1A-9346-1D15D65D66FD}"
EndProject
Project("{FAE04EC0-301F-11D3-BF4B-00C04F79EFBC}") = "11SwitchStatmentContinued", "11SwitchStatmentContinued\11SwitchStatmentContinued.csproj", "{DC581000-B408-46FE-937E-2537BC5CC4CE}"
EndProject
Project("{FAE04EC0-301F-11D3-BF4B-00C04F79EFBC}") = "12WhileLoopCSharp", "12WhileLoopCSharp\12WhileLoopCSharp.csproj", "{F2EE8B5A-2F84-4D0E-86A3-0FF73DFC837D}"
EndProject
Project("{FAE04EC0-301F-11D3-BF4B-00C04F79EFBC}") = "13DoWhileLoop", "13DoWhileLoop\13DoWhileLoop.csproj", "{79A62786-8889-4FBA-9DE3-70037127A202}"
EndProject
Project("{FAE04EC0-301F-11D3-BF4B-00C04F79EFBC}") = "14LoopsForAndForeach", "14LoopsForAndForeach\14LoopsForAndForeach.csproj", "{CDF7EAC7-BDE1-4573-A1A7-04F9D637639E}"
EndProject
Project("{FAE04EC0-301F-11D3-BF4B-00C04F79EFBC}") = "15MthodsCsharp", "15MthodsCsharp\15MthodsCsharp.csproj", "{347EAC32-366A-4DC2-845A-3FD1B563DF68}"
EndProject
Global
	GlobalSection(SolutionConfigurationPlatforms) = preSolution
		Debug|Any CPU = Debug|Any CPU
		Release|Any CPU = Release|Any CPU
	EndGlobalSection
	GlobalSection(ProjectConfigurationPlatforms) = postSolution
		{DA5099C5-0F0A-44BC-B7DA-26F4B938EE40}.Debug|Any CPU.ActiveCfg = Debug|Any CPU
		{DA5099C5-0F0A-44BC-B7DA-26F4B938EE40}.Debug|Any CPU.Build.0 = Debug|Any CPU
		{DA5099C5-0F0A-44BC-B7DA-26F4B938EE40}.Release|Any CPU.ActiveCfg = Release|Any CPU
		{DA5099C5-0F0A-44BC-B7DA-26F4B938EE40}.Release|Any CPU.Build.0 = Release|Any CPU
		{4D1C1438-96DD-47F4-885D-0BF3DB0843F6}.Debug|Any CPU.ActiveCfg = Debug|Any CPU
		{4D1C1438-96DD-47F4-885D-0BF3DB0843F6}.Debug|Any CPU.Build.0 = Debug|Any CPU
		{4D1C1438-96DD-47F4-885D-0BF3DB0843F6}.Release|Any CPU.ActiveCfg = Release|Any CPU
		{4D1C1438-96DD-47F4-885D-0BF3DB0843F6}.Release|Any CPU.Build.0 = Release|Any CPU
		{140E34E5-9FDE-439E-A7BA-9FB6624B9EAD}.Debug|Any CPU.ActiveCfg = Debug|Any CPU
		{140E34E5-9FDE-439E-A7BA-9FB6624B9EAD}.Debug|Any CPU.Build.0 = Debug|Any CPU
		{140E34E5-9FDE-439E-A7BA-9FB6624B9EAD}.Release|Any CPU.ActiveCfg = Release|Any CPU
		{140E34E5-9FDE-439E-A7BA-9FB6624B9EAD}.Release|Any CPU.Build.0 = Release|Any CPU
		{D1E8E19F-3682-438C-96B9-139952CA70AE}.Debug|Any CPU.ActiveCfg = Debug|Any CPU
		{D1E8E19F-3682-438C-96B9-139952CA70AE}.Debug|Any CPU.Build.0 = Debug|Any CPU
		{D1E8E19F-3682-438C-96B9-139952CA70AE}.Release|Any CPU.ActiveCfg = Release|Any CPU
		{D1E8E19F-3682-438C-96B9-139952CA70AE}.Release|Any CPU.Build.0 = Release|Any CPU
		{29C7FDFD-1AB0-497D-90BE-3079CDC673BF}.Debug|Any CPU.ActiveCfg = Debug|Any CPU
		{29C7FDFD-1AB0-497D-90BE-3079CDC673BF}.Debug|Any CPU.Build.0 = Debug|Any CPU
		{29C7FDFD-1AB0-497D-90BE-3079CDC673BF}.Release|Any CPU.ActiveCfg = Release|Any CPU
		{29C7FDFD-1AB0-497D-90BE-3079CDC673BF}.Release|Any CPU.Build.0 = Release|Any CPU
		{14EF125B-AD17-47C5-8979-65E960B81FE6}.Debug|Any CPU.ActiveCfg = Debug|Any CPU
		{14EF125B-AD17-47C5-8979-65E960B81FE6}.Debug|Any CPU.Build.0 = Debug|Any CPU
		{14EF125B-AD17-47C5-8979-65E960B81FE6}.Release|Any CPU.ActiveCfg = Release|Any CPU
		{14EF125B-AD17-47C5-8979-65E960B81FE6}.Release|Any CPU.Build.0 = Release|Any CPU
		{5515A087-5D63-403C-A5F0-ED64EDA05792}.Debug|Any CPU.ActiveCfg = Debug|Any CPU
		{5515A087-5D63-403C-A5F0-ED64EDA05792}.Debug|Any CPU.Build.0 = Debug|Any CPU
		{5515A087-5D63-403C-A5F0-ED64EDA05792}.Release|Any CPU.ActiveCfg = Release|Any CPU
		{5515A087-5D63-403C-A5F0-ED64EDA05792}.Release|Any CPU.Build.0 = Release|Any CPU
		{FD9EFE62-74B9-4CA4-9965-84AC8F4A3480}.Debug|Any CPU.ActiveCfg = Debug|Any CPU
		{FD9EFE62-74B9-4CA4-9965-84AC8F4A3480}.Debug|Any CPU.Build.0 = Debug|Any CPU
		{FD9EFE62-74B9-4CA4-9965-84AC8F4A3480}.Release|Any CPU.ActiveCfg = Release|Any CPU
		{FD9EFE62-74B9-4CA4-9965-84AC8F4A3480}.Release|Any CPU.Build.0 = Release|Any CPU
		{D61A2CE3-7F75-43F0-A7EC-DFD3F6B2124F}.Debug|Any CPU.ActiveCfg = Debug|Any CPU
		{D61A2CE3-7F75-43F0-A7EC-DFD3F6B2124F}.Debug|Any CPU.Build.0 = Debug|Any CPU
		{D61A2CE3-7F75-43F0-A7EC-DFD3F6B2124F}.Release|Any CPU.ActiveCfg = Release|Any CPU
		{D61A2CE3-7F75-43F0-A7EC-DFD3F6B2124F}.Release|Any CPU.Build.0 = Release|Any CPU
		{7D45BBE4-3BDA-4C1A-9346-1D15D65D66FD}.Debug|Any CPU.ActiveCfg = Debug|Any CPU
		{7D45BBE4-3BDA-4C1A-9346-1D15D65D66FD}.Debug|Any CPU.Build.0 = Debug|Any CPU
		{7D45BBE4-3BDA-4C1A-9346-1D15D65D66FD}.Release|Any CPU.ActiveCfg = Release|Any CPU
		{7D45BBE4-3BDA-4C1A-9346-1D15D65D66FD}.Release|Any CPU.Build.0 = Release|Any CPU
		{DC581000-B408-46FE-937E-2537BC5CC4CE}.Debug|Any CPU.ActiveCfg = Debug|Any CPU
		{DC581000-B408-46FE-937E-2537BC5CC4CE}.Debug|Any CPU.Build.0 = Debug|Any CPU
		{DC581000-B408-46FE-937E-2537BC5CC4CE}.Release|Any CPU.ActiveCfg = Release|Any CPU
		{DC581000-B408-46FE-937E-2537BC5CC4CE}.Release|Any CPU.Build.0 = Release|Any CPU
		{F2EE8B5A-2F84-4D0E-86A3-0FF73DFC837D}.Debug|Any CPU.ActiveCfg = Debug|Any CPU
		{F2EE8B5A-2F84-4D0E-86A3-0FF73DFC837D}.Debug|Any CPU.Build.0 = Debug|Any CPU
		{F2EE8B5A-2F84-4D0E-86A3-0FF73DFC837D}.Release|Any CPU.ActiveCfg = Release|Any CPU
		{F2EE8B5A-2F84-4D0E-86A3-0FF73DFC837D}.Release|Any CPU.Build.0 = Release|Any CPU
		{79A62786-8889-4FBA-9DE3-70037127A202}.Debug|Any CPU.ActiveCfg = Debug|Any CPU
		{79A62786-8889-4FBA-9DE3-70037127A202}.Debug|Any CPU.Build.0 = Debug|Any CPU
		{79A62786-8889-4FBA-9DE3-70037127A202}.Release|Any CPU.ActiveCfg = Release|Any CPU
		{79A62786-8889-4FBA-9DE3-70037127A202}.Release|Any CPU.Build.0 = Release|Any CPU
		{CDF7EAC7-BDE1-4573-A1A7-04F9D637639E}.Debug|Any CPU.ActiveCfg = Debug|Any CPU
		{CDF7EAC7-BDE1-4573-A1A7-04F9D637639E}.Debug|Any CPU.Build.0 = Debug|Any CPU
		{CDF7EAC7-BDE1-4573-A1A7-04F9D637639E}.Release|Any CPU.ActiveCfg = Release|Any CPU
		{CDF7EAC7-BDE1-4573-A1A7-04F9D637639E}.Release|Any CPU.Build.0 = Release|Any CPU
		{347EAC32-366A-4DC2-845A-3FD1B563DF68}.Debug|Any CPU.ActiveCfg = Debug|Any CPU
		{347EAC32-366A-4DC2-845A-3FD1B563DF68}.Debug|Any CPU.Build.0 = Debug|Any CPU
		{347EAC32-366A-4DC2-845A-3FD1B563DF68}.Release|Any CPU.ActiveCfg = Release|Any CPU
		{347EAC32-366A-4DC2-845A-3FD1B563DF68}.Release|Any CPU.Build.0 = Release|Any CPU
	EndGlobalSection
	GlobalSection(SolutionProperties) = preSolution
		HideSolutionNode = FALSE
	EndGlobalSection
	GlobalSection(ExtensibilityGlobals) = postSolution
		SolutionGuid = {EADCB390-7B2F-43EA-B3AB-E7F33C489C58}
	EndGlobalSection
EndGlobal
