
Microsoft Visual Studio Solution File, Format Version 12.00
# Visual Studio 15
VisualStudioVersion = 15.0.28010.2036
MinimumVisualStudioVersion = 10.0.40219.1
Project("{FAE04EC0-301F-11D3-BF4B-00C04F79EFBC}") = "IntroToCSharp", "IntroToCSharp\IntroToCSharp.csproj", "{DA5099C5-0F0A-44BC-B7DA-26F4B938EE40}"
EndProject
Global
	GlobalSection(SolutionConfigurationPlatforms) = preSolution
		Debug|Any CPU = Debug|Any CPU
		Release|Any CPU = Release|Any CPU
	EndGlobalSection
	GlobalSection(ProjectConfigurationPlatforms) = postSolution
		{DA5099C5-0F0A-44BC-B7DA-26F4B938EE40}.Debug|Any CPU.ActiveCfg = Debug|Any CPU
		{DA5099C5-0F0A-44BC-B7DA-26F4B938EE40}.Debug|Any CPU.Build.0 = Debug|Any CPU
		{DA5099C5-0F0A-44BC-B7DA-26F4B938EE40}.Release|Any CPU.ActiveCfg = Release|Any CPU
		{DA5099C5-0F0A-44BC-B7DA-26F4B938EE40}.Release|Any CPU.Build.0 = Release|Any CPU
	EndGlobalSection
	GlobalSection(SolutionProperties) = preSolution
		HideSolutionNode = FALSE
	EndGlobalSection
	GlobalSection(ExtensibilityGlobals) = postSolution
		SolutionGuid = {EADCB390-7B2F-43EA-B3AB-E7F33C489C58}
	EndGlobalSection
EndGlobal
